
Microsoft Visual Studio Solution File, Format Version 12.00
# Visual Studio Version 17
VisualStudioVersion = 17.5.002.0
MinimumVisualStudioVersion = 10.0.40219.1
Project("{9A19103F-16F7-4668-BE54-9A1E7A4F7556}") = "EnterpriseInfoManager", "EnterpriseInfoManager\EnterpriseInfoManager.csproj", "{358A9FCA-0512-406B-B71D-439713A9F72E}"
EndProject
Global
	GlobalSection(SolutionConfigurationPlatforms) = preSolution
		Debug|Any CPU = Debug|Any CPU
		Release|Any CPU = Release|Any CPU
	EndGlobalSection
	GlobalSection(ProjectConfigurationPlatforms) = postSolution
		{358A9FCA-0512-406B-B71D-439713A9F72E}.Debug|Any CPU.ActiveCfg = Debug|Any CPU
		{358A9FCA-0512-406B-B71D-439713A9F72E}.Debug|Any CPU.Build.0 = Debug|Any CPU
		{358A9FCA-0512-406B-B71D-439713A9F72E}.Release|Any CPU.ActiveCfg = Release|Any CPU
		{358A9FCA-0512-406B-B71D-439713A9F72E}.Release|Any CPU.Build.0 = Release|Any CPU
	EndGlobalSection
	GlobalSection(SolutionProperties) = preSolution
		HideSolutionNode = FALSE
	EndGlobalSection
	GlobalSection(ExtensibilityGlobals) = postSolution
		SolutionGuid = {C6FAD621-0134-41DF-A21A-3566647FC75E}
	EndGlobalSection
EndGlobal
